
Microsoft Visual Studio Solution File, Format Version 12.00
# Visual Studio Version 17
VisualStudioVersion = 17.0.31903.59
MinimumVisualStudioVersion = 10.0.40219.1
Project("{FAE04EC0-301F-11D3-BF4B-00C04F79EFBC}") = "ECommerce.Presentation", "ECommerce.Presentation\ECommerce.Presentation.csproj", "{4241DB4D-9695-4A7B-AFBB-98B48FF63203}"
EndProject
Project("{FAE04EC0-301F-11D3-BF4B-00C04F79EFBC}") = "ECommerce.Presentation.Tests", "ECommerce.Presentation.Tests\ECommerce.Presentation.Tests.csproj", "{4241DB4D-9695-4A7B-AFBB-98B48FF63202}"
EndProject
Project("{FAE04EC0-301F-11D3-BF4B-00C04F79EFBC}") = "ECommerce.Infrastructure", "ECommerce.Infrastructure\ECommerce.Infrastructure.csproj", "{6E64D753-0149-43EC-8247-0CA5F7070F72}"
EndProject
Project("{FAE04EC0-301F-11D3-BF4B-00C04F79EFBC}") = "ECommerce.Infrastructure.Tests", "ECommerce.Infrastructure.Tests\ECommerce.Infrastructure.Tests.csproj", "{2A6C5380-7999-42DA-8E7F-37956A7D7CFD}"
EndProject
Project("{FAE04EC0-301F-11D3-BF4B-00C04F79EFBC}") = "TestUtils", "TestUtils\TestUtils.csproj", "{6561C06F-9D03-4EB4-A084-B20BEED7E535}"
EndProject
Project("{FAE04EC0-301F-11D3-BF4B-00C04F79EFBC}") = "ECommerce.Domain", "ECommerce.Domain\ECommerce.Domain.csproj", "{177C4D8D-5947-4EB4-884C-146B45F49E7B}"
EndProject
Project("{FAE04EC0-301F-11D3-BF4B-00C04F79EFBC}") = "ECommerce.Application", "ECommerce.Application\ECommerce.Application.csproj", "{9C457086-7F42-4863-8327-B8ED132330FD}"
EndProject
Project("{FAE04EC0-301F-11D3-BF4B-00C04F79EFBC}") = "ECommerce.Domain.Tests", "ECommerce.Domain.Tests\ECommerce.Domain.Tests.csproj", "{EE31AA66-B064-484C-86E6-700D03EFD926}"
EndProject
Global
	GlobalSection(SolutionConfigurationPlatforms) = preSolution
		Debug|Any CPU = Debug|Any CPU
		Debug|x64 = Debug|x64
		Debug|x86 = Debug|x86
		Release|Any CPU = Release|Any CPU
		Release|x64 = Release|x64
		Release|x86 = Release|x86
	EndGlobalSection
	GlobalSection(ProjectConfigurationPlatforms) = postSolution
		{4241DB4D-9695-4A7B-AFBB-98B48FF63203}.Debug|Any CPU.ActiveCfg = Debug|Any CPU
		{4241DB4D-9695-4A7B-AFBB-98B48FF63203}.Debug|Any CPU.Build.0 = Debug|Any CPU
		{4241DB4D-9695-4A7B-AFBB-98B48FF63203}.Debug|x64.ActiveCfg = Debug|Any CPU
		{4241DB4D-9695-4A7B-AFBB-98B48FF63203}.Debug|x64.Build.0 = Debug|Any CPU
		{4241DB4D-9695-4A7B-AFBB-98B48FF63203}.Debug|x86.ActiveCfg = Debug|Any CPU
		{4241DB4D-9695-4A7B-AFBB-98B48FF63203}.Debug|x86.Build.0 = Debug|Any CPU
		{4241DB4D-9695-4A7B-AFBB-98B48FF63203}.Release|Any CPU.ActiveCfg = Release|Any CPU
		{4241DB4D-9695-4A7B-AFBB-98B48FF63203}.Release|Any CPU.Build.0 = Release|Any CPU
		{4241DB4D-9695-4A7B-AFBB-98B48FF63203}.Release|x64.ActiveCfg = Release|Any CPU
		{4241DB4D-9695-4A7B-AFBB-98B48FF63203}.Release|x64.Build.0 = Release|Any CPU
		{4241DB4D-9695-4A7B-AFBB-98B48FF63203}.Release|x86.ActiveCfg = Release|Any CPU
		{4241DB4D-9695-4A7B-AFBB-98B48FF63203}.Release|x86.Build.0 = Release|Any CPU
		{4241DB4D-9695-4A7B-AFBB-98B48FF63202}.Debug|Any CPU.ActiveCfg = Debug|Any CPU
		{4241DB4D-9695-4A7B-AFBB-98B48FF63202}.Debug|Any CPU.Build.0 = Debug|Any CPU
		{4241DB4D-9695-4A7B-AFBB-98B48FF63202}.Debug|x64.ActiveCfg = Debug|Any CPU
		{4241DB4D-9695-4A7B-AFBB-98B48FF63202}.Debug|x64.Build.0 = Debug|Any CPU
		{4241DB4D-9695-4A7B-AFBB-98B48FF63202}.Debug|x86.ActiveCfg = Debug|Any CPU
		{4241DB4D-9695-4A7B-AFBB-98B48FF63202}.Debug|x86.Build.0 = Debug|Any CPU
		{4241DB4D-9695-4A7B-AFBB-98B48FF63202}.Release|Any CPU.ActiveCfg = Release|Any CPU
		{4241DB4D-9695-4A7B-AFBB-98B48FF63202}.Release|Any CPU.Build.0 = Release|Any CPU
		{4241DB4D-9695-4A7B-AFBB-98B48FF63202}.Release|x64.ActiveCfg = Release|Any CPU
		{4241DB4D-9695-4A7B-AFBB-98B48FF63202}.Release|x64.Build.0 = Release|Any CPU
		{4241DB4D-9695-4A7B-AFBB-98B48FF63202}.Release|x86.ActiveCfg = Release|Any CPU
		{4241DB4D-9695-4A7B-AFBB-98B48FF63202}.Release|x86.Build.0 = Release|Any CPU
		{6E64D753-0149-43EC-8247-0CA5F7070F72}.Debug|Any CPU.ActiveCfg = Debug|Any CPU
		{6E64D753-0149-43EC-8247-0CA5F7070F72}.Debug|Any CPU.Build.0 = Debug|Any CPU
		{6E64D753-0149-43EC-8247-0CA5F7070F72}.Debug|x64.ActiveCfg = Debug|Any CPU
		{6E64D753-0149-43EC-8247-0CA5F7070F72}.Debug|x64.Build.0 = Debug|Any CPU
		{6E64D753-0149-43EC-8247-0CA5F7070F72}.Debug|x86.ActiveCfg = Debug|Any CPU
		{6E64D753-0149-43EC-8247-0CA5F7070F72}.Debug|x86.Build.0 = Debug|Any CPU
		{6E64D753-0149-43EC-8247-0CA5F7070F72}.Release|Any CPU.ActiveCfg = Release|Any CPU
		{6E64D753-0149-43EC-8247-0CA5F7070F72}.Release|Any CPU.Build.0 = Release|Any CPU
		{6E64D753-0149-43EC-8247-0CA5F7070F72}.Release|x64.ActiveCfg = Release|Any CPU
		{6E64D753-0149-43EC-8247-0CA5F7070F72}.Release|x64.Build.0 = Release|Any CPU
		{6E64D753-0149-43EC-8247-0CA5F7070F72}.Release|x86.ActiveCfg = Release|Any CPU
		{6E64D753-0149-43EC-8247-0CA5F7070F72}.Release|x86.Build.0 = Release|Any CPU
		{2A6C5380-7999-42DA-8E7F-37956A7D7CFD}.Debug|Any CPU.ActiveCfg = Debug|Any CPU
		{2A6C5380-7999-42DA-8E7F-37956A7D7CFD}.Debug|Any CPU.Build.0 = Debug|Any CPU
		{2A6C5380-7999-42DA-8E7F-37956A7D7CFD}.Debug|x64.ActiveCfg = Debug|Any CPU
		{2A6C5380-7999-42DA-8E7F-37956A7D7CFD}.Debug|x64.Build.0 = Debug|Any CPU
		{2A6C5380-7999-42DA-8E7F-37956A7D7CFD}.Debug|x86.ActiveCfg = Debug|Any CPU
		{2A6C5380-7999-42DA-8E7F-37956A7D7CFD}.Debug|x86.Build.0 = Debug|Any CPU
		{2A6C5380-7999-42DA-8E7F-37956A7D7CFD}.Release|Any CPU.ActiveCfg = Release|Any CPU
		{2A6C5380-7999-42DA-8E7F-37956A7D7CFD}.Release|Any CPU.Build.0 = Release|Any CPU
		{2A6C5380-7999-42DA-8E7F-37956A7D7CFD}.Release|x64.ActiveCfg = Release|Any CPU
		{2A6C5380-7999-42DA-8E7F-37956A7D7CFD}.Release|x64.Build.0 = Release|Any CPU
		{2A6C5380-7999-42DA-8E7F-37956A7D7CFD}.Release|x86.ActiveCfg = Release|Any CPU
		{2A6C5380-7999-42DA-8E7F-37956A7D7CFD}.Release|x86.Build.0 = Release|Any CPU
		{6561C06F-9D03-4EB4-A084-B20BEED7E535}.Debug|Any CPU.ActiveCfg = Debug|Any CPU
		{6561C06F-9D03-4EB4-A084-B20BEED7E535}.Debug|Any CPU.Build.0 = Debug|Any CPU
		{6561C06F-9D03-4EB4-A084-B20BEED7E535}.Debug|x64.ActiveCfg = Debug|Any CPU
		{6561C06F-9D03-4EB4-A084-B20BEED7E535}.Debug|x64.Build.0 = Debug|Any CPU
		{6561C06F-9D03-4EB4-A084-B20BEED7E535}.Debug|x86.ActiveCfg = Debug|Any CPU
		{6561C06F-9D03-4EB4-A084-B20BEED7E535}.Debug|x86.Build.0 = Debug|Any CPU
		{6561C06F-9D03-4EB4-A084-B20BEED7E535}.Release|Any CPU.ActiveCfg = Release|Any CPU
		{6561C06F-9D03-4EB4-A084-B20BEED7E535}.Release|Any CPU.Build.0 = Release|Any CPU
		{6561C06F-9D03-4EB4-A084-B20BEED7E535}.Release|x64.ActiveCfg = Release|Any CPU
		{6561C06F-9D03-4EB4-A084-B20BEED7E535}.Release|x64.Build.0 = Release|Any CPU
		{6561C06F-9D03-4EB4-A084-B20BEED7E535}.Release|x86.ActiveCfg = Release|Any CPU
		{6561C06F-9D03-4EB4-A084-B20BEED7E535}.Release|x86.Build.0 = Release|Any CPU
		{177C4D8D-5947-4EB4-884C-146B45F49E7B}.Debug|Any CPU.ActiveCfg = Debug|Any CPU
		{177C4D8D-5947-4EB4-884C-146B45F49E7B}.Debug|Any CPU.Build.0 = Debug|Any CPU
		{177C4D8D-5947-4EB4-884C-146B45F49E7B}.Debug|x64.ActiveCfg = Debug|Any CPU
		{177C4D8D-5947-4EB4-884C-146B45F49E7B}.Debug|x64.Build.0 = Debug|Any CPU
		{177C4D8D-5947-4EB4-884C-146B45F49E7B}.Debug|x86.ActiveCfg = Debug|Any CPU
		{177C4D8D-5947-4EB4-884C-146B45F49E7B}.Debug|x86.Build.0 = Debug|Any CPU
		{177C4D8D-5947-4EB4-884C-146B45F49E7B}.Release|Any CPU.ActiveCfg = Release|Any CPU
		{177C4D8D-5947-4EB4-884C-146B45F49E7B}.Release|Any CPU.Build.0 = Release|Any CPU
		{177C4D8D-5947-4EB4-884C-146B45F49E7B}.Release|x64.ActiveCfg = Release|Any CPU
		{177C4D8D-5947-4EB4-884C-146B45F49E7B}.Release|x64.Build.0 = Release|Any CPU
		{177C4D8D-5947-4EB4-884C-146B45F49E7B}.Release|x86.ActiveCfg = Release|Any CPU
		{177C4D8D-5947-4EB4-884C-146B45F49E7B}.Release|x86.Build.0 = Release|Any CPU
		{9C457086-7F42-4863-8327-B8ED132330FD}.Debug|Any CPU.ActiveCfg = Debug|Any CPU
		{9C457086-7F42-4863-8327-B8ED132330FD}.Debug|Any CPU.Build.0 = Debug|Any CPU
		{9C457086-7F42-4863-8327-B8ED132330FD}.Debug|x64.ActiveCfg = Debug|Any CPU
		{9C457086-7F42-4863-8327-B8ED132330FD}.Debug|x64.Build.0 = Debug|Any CPU
		{9C457086-7F42-4863-8327-B8ED132330FD}.Debug|x86.ActiveCfg = Debug|Any CPU
		{9C457086-7F42-4863-8327-B8ED132330FD}.Debug|x86.Build.0 = Debug|Any CPU
		{9C457086-7F42-4863-8327-B8ED132330FD}.Release|Any CPU.ActiveCfg = Release|Any CPU
		{9C457086-7F42-4863-8327-B8ED132330FD}.Release|Any CPU.Build.0 = Release|Any CPU
		{9C457086-7F42-4863-8327-B8ED132330FD}.Release|x64.ActiveCfg = Release|Any CPU
		{9C457086-7F42-4863-8327-B8ED132330FD}.Release|x64.Build.0 = Release|Any CPU
		{9C457086-7F42-4863-8327-B8ED132330FD}.Release|x86.ActiveCfg = Release|Any CPU
		{9C457086-7F42-4863-8327-B8ED132330FD}.Release|x86.Build.0 = Release|Any CPU
		{EE31AA66-B064-484C-86E6-700D03EFD926}.Debug|Any CPU.ActiveCfg = Debug|Any CPU
		{EE31AA66-B064-484C-86E6-700D03EFD926}.Debug|Any CPU.Build.0 = Debug|Any CPU
		{EE31AA66-B064-484C-86E6-700D03EFD926}.Debug|x64.ActiveCfg = Debug|Any CPU
		{EE31AA66-B064-484C-86E6-700D03EFD926}.Debug|x64.Build.0 = Debug|Any CPU
		{EE31AA66-B064-484C-86E6-700D03EFD926}.Debug|x86.ActiveCfg = Debug|Any CPU
		{EE31AA66-B064-484C-86E6-700D03EFD926}.Debug|x86.Build.0 = Debug|Any CPU
		{EE31AA66-B064-484C-86E6-700D03EFD926}.Release|Any CPU.ActiveCfg = Release|Any CPU
		{EE31AA66-B064-484C-86E6-700D03EFD926}.Release|Any CPU.Build.0 = Release|Any CPU
		{EE31AA66-B064-484C-86E6-700D03EFD926}.Release|x64.ActiveCfg = Release|Any CPU
		{EE31AA66-B064-484C-86E6-700D03EFD926}.Release|x64.Build.0 = Release|Any CPU
		{EE31AA66-B064-484C-86E6-700D03EFD926}.Release|x86.ActiveCfg = Release|Any CPU
		{EE31AA66-B064-484C-86E6-700D03EFD926}.Release|x86.Build.0 = Release|Any CPU
	EndGlobalSection
	GlobalSection(SolutionProperties) = preSolution
		HideSolutionNode = FALSE
	EndGlobalSection
EndGlobal
