
Microsoft Visual Studio Solution File, Format Version 12.00
# Visual Studio Version 17
VisualStudioVersion = 17.12.35527.113
MinimumVisualStudioVersion = 10.0.40219.1
Project("{FAE04EC0-301F-11D3-BF4B-00C04F79EFBC}") = "PaymentService.Presentation", "PaymentService\PaymentService.Presentation\PaymentService.Presentation.csproj", "{451FA3E1-1834-46D2-BDC5-1EAC0B1CE75E}"
EndProject
Project("{FAE04EC0-301F-11D3-BF4B-00C04F79EFBC}") = "PaymentService.Infrastructure", "PaymentService\PaymentService.Infrastructure\PaymentService.Infrastructure.csproj", "{93339AD5-0963-4605-B0B3-1D7ED423E438}"
EndProject
Project("{FAE04EC0-301F-11D3-BF4B-00C04F79EFBC}") = "PaymentService.Domain", "PaymentService\PaymentService.Domain\PaymentService.Domain.csproj", "{B408C84A-33C8-4F25-8213-0AEA393739A2}"
EndProject
Project("{FAE04EC0-301F-11D3-BF4B-00C04F79EFBC}") = "PaymentService.Application", "PaymentService\PaymentService.Application\PaymentService.Application.csproj", "{F6345B4E-EF74-4F6D-A4BA-09A5B78595DC}"
EndProject
Project("{FAE04EC0-301F-11D3-BF4B-00C04F79EFBC}") = "ProductService.Presentation", "ProductService\ProductService.Presentation\ProductService.Presentation.csproj", "{E7EB40FE-C37C-47DA-876E-B8D767619020}"
EndProject
Project("{FAE04EC0-301F-11D3-BF4B-00C04F79EFBC}") = "ProductService.Application", "ProductService\ProductService.Application\ProductService.Application.csproj", "{8243F4FF-6E11-4BBE-9D69-A507935D20CE}"
EndProject
Project("{FAE04EC0-301F-11D3-BF4B-00C04F79EFBC}") = "ProductService.Domain", "ProductService\ProductService.Domain\ProductService.Domain.csproj", "{D8B61634-531F-465F-859B-9513668D182B}"
EndProject
Project("{FAE04EC0-301F-11D3-BF4B-00C04F79EFBC}") = "ProductService.Infrastructure", "ProductService\ProductService.Infrastructure\ProductService.Infrastructure.csproj", "{9F323D74-D20C-40C0-8CC4-E162B6D312F9}"
EndProject
Project("{FAE04EC0-301F-11D3-BF4B-00C04F79EFBC}") = "StoreService.Presentation", "StoreService\StoreService.Presentation\StoreService.Presentation.csproj", "{E40FD912-470E-4644-B475-387F278ADCDC}"
EndProject
Project("{FAE04EC0-301F-11D3-BF4B-00C04F79EFBC}") = "StoreService.Application", "StoreService\StoreService.Application\StoreService.Application.csproj", "{310DEED1-BD15-4CAB-8872-2C47FB26F0BA}"
EndProject
Project("{FAE04EC0-301F-11D3-BF4B-00C04F79EFBC}") = "StoreService.Domain", "StoreService\StoreService.Domain\StoreService.Domain.csproj", "{1B9494F9-AFCE-4982-8043-93374839AEDC}"
EndProject
Project("{FAE04EC0-301F-11D3-BF4B-00C04F79EFBC}") = "StoreService.Infrastructure", "StoreService\StoreService.Infrastructure\StoreService.Infrastructure.csproj", "{2C660612-CB65-4441-ABC3-623A74D5D418}"
EndProject
Project("{FAE04EC0-301F-11D3-BF4B-00C04F79EFBC}") = "UserService.Presentation", "UserService\UserService.Presentation\UserService.Presentation.csproj", "{8640EE5C-E058-4B9F-AC5F-23FA77F9B18A}"
EndProject
Project("{FAE04EC0-301F-11D3-BF4B-00C04F79EFBC}") = "UserService.Application", "UserService\UserService.Application\UserService.Application.csproj", "{BF639422-A041-43CC-8B3B-7C2CEA77CB69}"
EndProject
Project("{FAE04EC0-301F-11D3-BF4B-00C04F79EFBC}") = "UserService.Domain", "UserService\UserService.Domain\UserService.Domain.csproj", "{A10DC25B-FCEC-4C15-B83F-2D54025033FE}"
EndProject
Project("{FAE04EC0-301F-11D3-BF4B-00C04F79EFBC}") = "OrderService.Application", "OrderService\OrderService.Application\OrderService.Application.csproj", "{48C8B4A7-B9FE-44D3-B108-FF593F2949EA}"
EndProject
Project("{FAE04EC0-301F-11D3-BF4B-00C04F79EFBC}") = "OrderService.Domain", "OrderService\OrderService.Domain\OrderService.Domain.csproj", "{A5856E6E-7858-4EF3-843F-EFA48B8D87A0}"
EndProject
Project("{FAE04EC0-301F-11D3-BF4B-00C04F79EFBC}") = "OrderService.Presentation", "OrderService\OrderService.Presentation\OrderService.Presentation.csproj", "{59F03A5A-4EF2-4A51-8E3F-E1D7ED60EE17}"
EndProject
Project("{FAE04EC0-301F-11D3-BF4B-00C04F79EFBC}") = "StoreService.Application.Tests", "StoreService\StoreService.Application.Tests\StoreService.Application.Tests.csproj", "{44BE4FFC-B755-48BE-BA92-6DAB3D7E4A57}"
EndProject
Global
	GlobalSection(SolutionConfigurationPlatforms) = preSolution
		Debug|Any CPU = Debug|Any CPU
		Release|Any CPU = Release|Any CPU
	EndGlobalSection
	GlobalSection(ProjectConfigurationPlatforms) = postSolution
		{212CDD77-86CA-4D06-8C9B-A6E3B7EBABF8}.Debug|Any CPU.ActiveCfg = Debug|Any CPU
		{212CDD77-86CA-4D06-8C9B-A6E3B7EBABF8}.Debug|Any CPU.Build.0 = Debug|Any CPU
		{212CDD77-86CA-4D06-8C9B-A6E3B7EBABF8}.Release|Any CPU.ActiveCfg = Release|Any CPU
		{212CDD77-86CA-4D06-8C9B-A6E3B7EBABF8}.Release|Any CPU.Build.0 = Release|Any CPU
		{B7FA394E-1AAB-44C7-BDDE-917818BC48E4}.Debug|Any CPU.ActiveCfg = Debug|Any CPU
		{B7FA394E-1AAB-44C7-BDDE-917818BC48E4}.Debug|Any CPU.Build.0 = Debug|Any CPU
		{B7FA394E-1AAB-44C7-BDDE-917818BC48E4}.Release|Any CPU.ActiveCfg = Release|Any CPU
		{B7FA394E-1AAB-44C7-BDDE-917818BC48E4}.Release|Any CPU.Build.0 = Release|Any CPU
		{D61DADD5-1117-4275-983D-CC3BBD91783B}.Debug|Any CPU.ActiveCfg = Debug|Any CPU
		{D61DADD5-1117-4275-983D-CC3BBD91783B}.Debug|Any CPU.Build.0 = Debug|Any CPU
		{D61DADD5-1117-4275-983D-CC3BBD91783B}.Release|Any CPU.ActiveCfg = Release|Any CPU
		{D61DADD5-1117-4275-983D-CC3BBD91783B}.Release|Any CPU.Build.0 = Release|Any CPU
		{65EC22FF-F16E-45C9-B1EA-4939066569FC}.Debug|Any CPU.ActiveCfg = Debug|Any CPU
		{65EC22FF-F16E-45C9-B1EA-4939066569FC}.Debug|Any CPU.Build.0 = Debug|Any CPU
		{65EC22FF-F16E-45C9-B1EA-4939066569FC}.Release|Any CPU.ActiveCfg = Release|Any CPU
		{65EC22FF-F16E-45C9-B1EA-4939066569FC}.Release|Any CPU.Build.0 = Release|Any CPU
		{AD589878-D53E-43D5-BA88-0F0A17B8C552}.Debug|Any CPU.ActiveCfg = Debug|Any CPU
		{AD589878-D53E-43D5-BA88-0F0A17B8C552}.Debug|Any CPU.Build.0 = Debug|Any CPU
		{AD589878-D53E-43D5-BA88-0F0A17B8C552}.Release|Any CPU.ActiveCfg = Release|Any CPU
		{AD589878-D53E-43D5-BA88-0F0A17B8C552}.Release|Any CPU.Build.0 = Release|Any CPU
		{70AF047C-1B5D-4A72-B5A1-87DAA1EFAD09}.Debug|Any CPU.ActiveCfg = Debug|Any CPU
		{70AF047C-1B5D-4A72-B5A1-87DAA1EFAD09}.Debug|Any CPU.Build.0 = Debug|Any CPU
		{70AF047C-1B5D-4A72-B5A1-87DAA1EFAD09}.Release|Any CPU.ActiveCfg = Release|Any CPU
		{70AF047C-1B5D-4A72-B5A1-87DAA1EFAD09}.Release|Any CPU.Build.0 = Release|Any CPU
		{9FBE8F43-FB73-4C6C-81EA-372AF9E338E0}.Debug|Any CPU.ActiveCfg = Debug|Any CPU
		{9FBE8F43-FB73-4C6C-81EA-372AF9E338E0}.Debug|Any CPU.Build.0 = Debug|Any CPU
		{9FBE8F43-FB73-4C6C-81EA-372AF9E338E0}.Release|Any CPU.ActiveCfg = Release|Any CPU
		{9FBE8F43-FB73-4C6C-81EA-372AF9E338E0}.Release|Any CPU.Build.0 = Release|Any CPU
		{451FA3E1-1834-46D2-BDC5-1EAC0B1CE75E}.Debug|Any CPU.ActiveCfg = Debug|Any CPU
		{451FA3E1-1834-46D2-BDC5-1EAC0B1CE75E}.Debug|Any CPU.Build.0 = Debug|Any CPU
		{451FA3E1-1834-46D2-BDC5-1EAC0B1CE75E}.Release|Any CPU.ActiveCfg = Release|Any CPU
		{451FA3E1-1834-46D2-BDC5-1EAC0B1CE75E}.Release|Any CPU.Build.0 = Release|Any CPU
		{93339AD5-0963-4605-B0B3-1D7ED423E438}.Debug|Any CPU.ActiveCfg = Debug|Any CPU
		{93339AD5-0963-4605-B0B3-1D7ED423E438}.Debug|Any CPU.Build.0 = Debug|Any CPU
		{93339AD5-0963-4605-B0B3-1D7ED423E438}.Release|Any CPU.ActiveCfg = Release|Any CPU
		{93339AD5-0963-4605-B0B3-1D7ED423E438}.Release|Any CPU.Build.0 = Release|Any CPU
		{B408C84A-33C8-4F25-8213-0AEA393739A2}.Debug|Any CPU.ActiveCfg = Debug|Any CPU
		{B408C84A-33C8-4F25-8213-0AEA393739A2}.Debug|Any CPU.Build.0 = Debug|Any CPU
		{B408C84A-33C8-4F25-8213-0AEA393739A2}.Release|Any CPU.ActiveCfg = Release|Any CPU
		{B408C84A-33C8-4F25-8213-0AEA393739A2}.Release|Any CPU.Build.0 = Release|Any CPU
		{F6345B4E-EF74-4F6D-A4BA-09A5B78595DC}.Debug|Any CPU.ActiveCfg = Debug|Any CPU
		{F6345B4E-EF74-4F6D-A4BA-09A5B78595DC}.Debug|Any CPU.Build.0 = Debug|Any CPU
		{F6345B4E-EF74-4F6D-A4BA-09A5B78595DC}.Release|Any CPU.ActiveCfg = Release|Any CPU
		{F6345B4E-EF74-4F6D-A4BA-09A5B78595DC}.Release|Any CPU.Build.0 = Release|Any CPU
		{65B653F7-14B8-49DC-8643-ECAF9313ECD7}.Debug|Any CPU.ActiveCfg = Debug|Any CPU
		{65B653F7-14B8-49DC-8643-ECAF9313ECD7}.Debug|Any CPU.Build.0 = Debug|Any CPU
		{65B653F7-14B8-49DC-8643-ECAF9313ECD7}.Release|Any CPU.ActiveCfg = Release|Any CPU
		{65B653F7-14B8-49DC-8643-ECAF9313ECD7}.Release|Any CPU.Build.0 = Release|Any CPU
		{5E7739F0-66AC-4A28-B31E-8D66FABC22D0}.Debug|Any CPU.ActiveCfg = Debug|Any CPU
		{5E7739F0-66AC-4A28-B31E-8D66FABC22D0}.Debug|Any CPU.Build.0 = Debug|Any CPU
		{5E7739F0-66AC-4A28-B31E-8D66FABC22D0}.Release|Any CPU.ActiveCfg = Release|Any CPU
		{5E7739F0-66AC-4A28-B31E-8D66FABC22D0}.Release|Any CPU.Build.0 = Release|Any CPU
		{945D07C8-635B-4B07-8EDE-C1B50CBE0A0E}.Debug|Any CPU.ActiveCfg = Debug|Any CPU
		{945D07C8-635B-4B07-8EDE-C1B50CBE0A0E}.Debug|Any CPU.Build.0 = Debug|Any CPU
		{945D07C8-635B-4B07-8EDE-C1B50CBE0A0E}.Release|Any CPU.ActiveCfg = Release|Any CPU
		{945D07C8-635B-4B07-8EDE-C1B50CBE0A0E}.Release|Any CPU.Build.0 = Release|Any CPU
		{E7EB40FE-C37C-47DA-876E-B8D767619020}.Debug|Any CPU.ActiveCfg = Debug|Any CPU
		{E7EB40FE-C37C-47DA-876E-B8D767619020}.Debug|Any CPU.Build.0 = Debug|Any CPU
		{E7EB40FE-C37C-47DA-876E-B8D767619020}.Release|Any CPU.ActiveCfg = Release|Any CPU
		{E7EB40FE-C37C-47DA-876E-B8D767619020}.Release|Any CPU.Build.0 = Release|Any CPU
		{8243F4FF-6E11-4BBE-9D69-A507935D20CE}.Debug|Any CPU.ActiveCfg = Debug|Any CPU
		{8243F4FF-6E11-4BBE-9D69-A507935D20CE}.Debug|Any CPU.Build.0 = Debug|Any CPU
		{8243F4FF-6E11-4BBE-9D69-A507935D20CE}.Release|Any CPU.ActiveCfg = Release|Any CPU
		{8243F4FF-6E11-4BBE-9D69-A507935D20CE}.Release|Any CPU.Build.0 = Release|Any CPU
		{D8B61634-531F-465F-859B-9513668D182B}.Debug|Any CPU.ActiveCfg = Debug|Any CPU
		{D8B61634-531F-465F-859B-9513668D182B}.Debug|Any CPU.Build.0 = Debug|Any CPU
		{D8B61634-531F-465F-859B-9513668D182B}.Release|Any CPU.ActiveCfg = Release|Any CPU
		{D8B61634-531F-465F-859B-9513668D182B}.Release|Any CPU.Build.0 = Release|Any CPU
		{9F323D74-D20C-40C0-8CC4-E162B6D312F9}.Debug|Any CPU.ActiveCfg = Debug|Any CPU
		{9F323D74-D20C-40C0-8CC4-E162B6D312F9}.Debug|Any CPU.Build.0 = Debug|Any CPU
		{9F323D74-D20C-40C0-8CC4-E162B6D312F9}.Release|Any CPU.ActiveCfg = Release|Any CPU
		{9F323D74-D20C-40C0-8CC4-E162B6D312F9}.Release|Any CPU.Build.0 = Release|Any CPU
		{E40FD912-470E-4644-B475-387F278ADCDC}.Debug|Any CPU.ActiveCfg = Debug|Any CPU
		{E40FD912-470E-4644-B475-387F278ADCDC}.Debug|Any CPU.Build.0 = Debug|Any CPU
		{E40FD912-470E-4644-B475-387F278ADCDC}.Release|Any CPU.ActiveCfg = Release|Any CPU
		{E40FD912-470E-4644-B475-387F278ADCDC}.Release|Any CPU.Build.0 = Release|Any CPU
		{310DEED1-BD15-4CAB-8872-2C47FB26F0BA}.Debug|Any CPU.ActiveCfg = Debug|Any CPU
		{310DEED1-BD15-4CAB-8872-2C47FB26F0BA}.Debug|Any CPU.Build.0 = Debug|Any CPU
		{310DEED1-BD15-4CAB-8872-2C47FB26F0BA}.Release|Any CPU.ActiveCfg = Release|Any CPU
		{310DEED1-BD15-4CAB-8872-2C47FB26F0BA}.Release|Any CPU.Build.0 = Release|Any CPU
		{1B9494F9-AFCE-4982-8043-93374839AEDC}.Debug|Any CPU.ActiveCfg = Debug|Any CPU
		{1B9494F9-AFCE-4982-8043-93374839AEDC}.Debug|Any CPU.Build.0 = Debug|Any CPU
		{1B9494F9-AFCE-4982-8043-93374839AEDC}.Release|Any CPU.ActiveCfg = Release|Any CPU
		{1B9494F9-AFCE-4982-8043-93374839AEDC}.Release|Any CPU.Build.0 = Release|Any CPU
		{2C660612-CB65-4441-ABC3-623A74D5D418}.Debug|Any CPU.ActiveCfg = Debug|Any CPU
		{2C660612-CB65-4441-ABC3-623A74D5D418}.Debug|Any CPU.Build.0 = Debug|Any CPU
		{2C660612-CB65-4441-ABC3-623A74D5D418}.Release|Any CPU.ActiveCfg = Release|Any CPU
		{2C660612-CB65-4441-ABC3-623A74D5D418}.Release|Any CPU.Build.0 = Release|Any CPU
		{8640EE5C-E058-4B9F-AC5F-23FA77F9B18A}.Debug|Any CPU.ActiveCfg = Debug|Any CPU
		{8640EE5C-E058-4B9F-AC5F-23FA77F9B18A}.Debug|Any CPU.Build.0 = Debug|Any CPU
		{8640EE5C-E058-4B9F-AC5F-23FA77F9B18A}.Release|Any CPU.ActiveCfg = Release|Any CPU
		{8640EE5C-E058-4B9F-AC5F-23FA77F9B18A}.Release|Any CPU.Build.0 = Release|Any CPU
		{BF639422-A041-43CC-8B3B-7C2CEA77CB69}.Debug|Any CPU.ActiveCfg = Debug|Any CPU
		{BF639422-A041-43CC-8B3B-7C2CEA77CB69}.Debug|Any CPU.Build.0 = Debug|Any CPU
		{BF639422-A041-43CC-8B3B-7C2CEA77CB69}.Release|Any CPU.ActiveCfg = Release|Any CPU
		{BF639422-A041-43CC-8B3B-7C2CEA77CB69}.Release|Any CPU.Build.0 = Release|Any CPU
		{A10DC25B-FCEC-4C15-B83F-2D54025033FE}.Debug|Any CPU.ActiveCfg = Debug|Any CPU
		{A10DC25B-FCEC-4C15-B83F-2D54025033FE}.Debug|Any CPU.Build.0 = Debug|Any CPU
		{A10DC25B-FCEC-4C15-B83F-2D54025033FE}.Release|Any CPU.ActiveCfg = Release|Any CPU
		{A10DC25B-FCEC-4C15-B83F-2D54025033FE}.Release|Any CPU.Build.0 = Release|Any CPU
		{48C8B4A7-B9FE-44D3-B108-FF593F2949EA}.Debug|Any CPU.ActiveCfg = Debug|Any CPU
		{48C8B4A7-B9FE-44D3-B108-FF593F2949EA}.Debug|Any CPU.Build.0 = Debug|Any CPU
		{48C8B4A7-B9FE-44D3-B108-FF593F2949EA}.Release|Any CPU.ActiveCfg = Release|Any CPU
		{48C8B4A7-B9FE-44D3-B108-FF593F2949EA}.Release|Any CPU.Build.0 = Release|Any CPU
		{A5856E6E-7858-4EF3-843F-EFA48B8D87A0}.Debug|Any CPU.ActiveCfg = Debug|Any CPU
		{A5856E6E-7858-4EF3-843F-EFA48B8D87A0}.Debug|Any CPU.Build.0 = Debug|Any CPU
		{A5856E6E-7858-4EF3-843F-EFA48B8D87A0}.Release|Any CPU.ActiveCfg = Release|Any CPU
		{A5856E6E-7858-4EF3-843F-EFA48B8D87A0}.Release|Any CPU.Build.0 = Release|Any CPU
		{59F03A5A-4EF2-4A51-8E3F-E1D7ED60EE17}.Debug|Any CPU.ActiveCfg = Debug|Any CPU
		{59F03A5A-4EF2-4A51-8E3F-E1D7ED60EE17}.Debug|Any CPU.Build.0 = Debug|Any CPU
		{59F03A5A-4EF2-4A51-8E3F-E1D7ED60EE17}.Release|Any CPU.ActiveCfg = Release|Any CPU
		{59F03A5A-4EF2-4A51-8E3F-E1D7ED60EE17}.Release|Any CPU.Build.0 = Release|Any CPU
		{44BE4FFC-B755-48BE-BA92-6DAB3D7E4A57}.Debug|Any CPU.ActiveCfg = Debug|Any CPU
		{44BE4FFC-B755-48BE-BA92-6DAB3D7E4A57}.Debug|Any CPU.Build.0 = Debug|Any CPU
		{44BE4FFC-B755-48BE-BA92-6DAB3D7E4A57}.Release|Any CPU.ActiveCfg = Release|Any CPU
		{44BE4FFC-B755-48BE-BA92-6DAB3D7E4A57}.Release|Any CPU.Build.0 = Release|Any CPU
	EndGlobalSection
	GlobalSection(SolutionProperties) = preSolution
		HideSolutionNode = FALSE
	EndGlobalSection
EndGlobal
