dependencies:
- name: microservice
  repository: file://../microservice
  version: 0.1.0
- name: microservice
  repository: file://../microservice
  version: 0.1.0
- name: microservice
  repository: file://../microservice
  version: 0.1.0
- name: microservice
  repository: file://../microservice
  version: 0.1.0
- name: microservice
  repository: file://../microservice
  version: 0.1.0
- name: kafka
  repository: oci://registry-1.docker.io/bitnamicharts
  version: 30.1.7
- name: postgresql
  repository: https://charts.bitnami.com/bitnami
  version: 18.1.2
- name: postgresql
  repository: https://charts.bitnami.com/bitnami
  version: 18.1.2
- name: nginx-ingress-controller
  repository: https://charts.bitnami.com/bitnami
  version: 12.0.7
digest: sha256:94af399ad403d0958c2599335804227c716ea85e4919a779ec86ceac38245a5a
generated: "2025-11-17T17:39:15.097484521+02:00"
