dependencies:
- name: microservice
  repository: file://../microservice
  version: 0.1.0
- name: microservice
  repository: file://../microservice
  version: 0.1.0
- name: microservice
  repository: file://../microservice
  version: 0.1.0
- name: microservice
  repository: file://../microservice
  version: 0.1.0
- name: microservice
  repository: file://../microservice
  version: 0.1.0
- name: postgresql
  repository: https://charts.bitnami.com/bitnami
  version: 18.1.2
- name: postgresql
  repository: https://charts.bitnami.com/bitnami
  version: 18.1.2
- name: postgresql
  repository: https://charts.bitnami.com/bitnami
  version: 18.1.2
- name: postgresql
  repository: https://charts.bitnami.com/bitnami
  version: 18.1.2
- name: postgresql
  repository: https://charts.bitnami.com/bitnami
  version: 18.1.2
- name: keycloak
  repository: https://charts.bitnami.com/bitnami
  version: 25.2.0
- name: postgresql
  repository: https://charts.bitnami.com/bitnami
  version: 18.1.2
- name: kafka
  repository: oci://registry-1.docker.io/bitnamicharts
  version: 30.1.7
- name: nginx-ingress
  repository: oci://ghcr.io/nginx/charts
  version: 2.3.1
digest: sha256:64bfbded3ea4d014b509dd73d131c966b3ca88fe1669457dfdb44aff8ff09a80
generated: "2026-01-11T00:57:52.867740913+02:00"
